
Microsoft Visual Studio Solution File, Format Version 12.00
# Visual Studio 15
VisualStudioVersion = 15.0.28010.2026
MinimumVisualStudioVersion = 10.0.40219.1
Project("{FAE04EC0-301F-11D3-BF4B-00C04F79EFBC}") = "Admin", "Admin\Admin.csproj", "{75F54CDD-2FD3-4731-B9AC-11D5456C68F7}"
EndProject
Project("{FAE04EC0-301F-11D3-BF4B-00C04F79EFBC}") = "Admin.Tests", "Admin.Tests\Admin.Tests.csproj", "{A452AEE5-EF4F-45EE-837D-62A9CCC59DD7}"
EndProject
Project("{FAE04EC0-301F-11D3-BF4B-00C04F79EFBC}") = "Admin.service", "Admin.service\Admin.service.csproj", "{F864153B-CF3C-4A49-83D3-A4426479ECDC}"
EndProject
Project("{FAE04EC0-301F-11D3-BF4B-00C04F79EFBC}") = "Admin.Modal", "Admin.Modal\Admin.Modal.csproj", "{799C8F47-AF43-4839-922B-B108E0FE993D}"
EndProject
Global
	GlobalSection(SolutionConfigurationPlatforms) = preSolution
		Debug|Any CPU = Debug|Any CPU
		Release|Any CPU = Release|Any CPU
	EndGlobalSection
	GlobalSection(ProjectConfigurationPlatforms) = postSolution
		{75F54CDD-2FD3-4731-B9AC-11D5456C68F7}.Debug|Any CPU.ActiveCfg = Debug|Any CPU
		{75F54CDD-2FD3-4731-B9AC-11D5456C68F7}.Debug|Any CPU.Build.0 = Debug|Any CPU
		{75F54CDD-2FD3-4731-B9AC-11D5456C68F7}.Release|Any CPU.ActiveCfg = Release|Any CPU
		{75F54CDD-2FD3-4731-B9AC-11D5456C68F7}.Release|Any CPU.Build.0 = Release|Any CPU
		{A452AEE5-EF4F-45EE-837D-62A9CCC59DD7}.Debug|Any CPU.ActiveCfg = Debug|Any CPU
		{A452AEE5-EF4F-45EE-837D-62A9CCC59DD7}.Debug|Any CPU.Build.0 = Debug|Any CPU
		{A452AEE5-EF4F-45EE-837D-62A9CCC59DD7}.Release|Any CPU.ActiveCfg = Release|Any CPU
		{A452AEE5-EF4F-45EE-837D-62A9CCC59DD7}.Release|Any CPU.Build.0 = Release|Any CPU
		{F864153B-CF3C-4A49-83D3-A4426479ECDC}.Debug|Any CPU.ActiveCfg = Debug|Any CPU
		{F864153B-CF3C-4A49-83D3-A4426479ECDC}.Debug|Any CPU.Build.0 = Debug|Any CPU
		{F864153B-CF3C-4A49-83D3-A4426479ECDC}.Release|Any CPU.ActiveCfg = Release|Any CPU
		{F864153B-CF3C-4A49-83D3-A4426479ECDC}.Release|Any CPU.Build.0 = Release|Any CPU
		{799C8F47-AF43-4839-922B-B108E0FE993D}.Debug|Any CPU.ActiveCfg = Debug|Any CPU
		{799C8F47-AF43-4839-922B-B108E0FE993D}.Debug|Any CPU.Build.0 = Debug|Any CPU
		{799C8F47-AF43-4839-922B-B108E0FE993D}.Release|Any CPU.ActiveCfg = Release|Any CPU
		{799C8F47-AF43-4839-922B-B108E0FE993D}.Release|Any CPU.Build.0 = Release|Any CPU
	EndGlobalSection
	GlobalSection(SolutionProperties) = preSolution
		HideSolutionNode = FALSE
	EndGlobalSection
	GlobalSection(ExtensibilityGlobals) = postSolution
		SolutionGuid = {0460DFB1-4C6A-4FB9-BA4D-71FD54224A4C}
	EndGlobalSection
EndGlobal
